
Microsoft Visual Studio Solution File, Format Version 12.00
# Visual Studio Version 17
VisualStudioVersion = 17.8.34330.188
MinimumVisualStudioVersion = 10.0.40219.1
Project("{FAE04EC0-301F-11D3-BF4B-00C04F79EFBC}") = "HandsOnStrings", "HandsOnStrings.csproj", "{1C144E35-5452-4F2B-9BC1-B6427FD79BED}"
EndProject
Global
	GlobalSection(SolutionConfigurationPlatforms) = preSolution
		Debug|Any CPU = Debug|Any CPU
		Release|Any CPU = Release|Any CPU
	EndGlobalSection
	GlobalSection(ProjectConfigurationPlatforms) = postSolution
		{1C144E35-5452-4F2B-9BC1-B6427FD79BED}.Debug|Any CPU.ActiveCfg = Debug|Any CPU
		{1C144E35-5452-4F2B-9BC1-B6427FD79BED}.Debug|Any CPU.Build.0 = Debug|Any CPU
		{1C144E35-5452-4F2B-9BC1-B6427FD79BED}.Release|Any CPU.ActiveCfg = Release|Any CPU
		{1C144E35-5452-4F2B-9BC1-B6427FD79BED}.Release|Any CPU.Build.0 = Release|Any CPU
	EndGlobalSection
	GlobalSection(SolutionProperties) = preSolution
		HideSolutionNode = FALSE
	EndGlobalSection
	GlobalSection(ExtensibilityGlobals) = postSolution
		SolutionGuid = {074B342F-CBD1-4FAC-AEA8-6167B29FC5E0}
	EndGlobalSection
EndGlobal
