
Microsoft Visual Studio Solution File, Format Version 12.00
# Visual Studio Version 17
VisualStudioVersion = 17.8.34330.188
MinimumVisualStudioVersion = 10.0.40219.1
Project("{FAE04EC0-301F-11D3-BF4B-00C04F79EFBC}") = "APIAssignment1", "APIAssignment1.csproj", "{989C6331-35FE-4CBE-BBF6-3F2FC7C44248}"
EndProject
Global
	GlobalSection(SolutionConfigurationPlatforms) = preSolution
		Debug|Any CPU = Debug|Any CPU
		Release|Any CPU = Release|Any CPU
	EndGlobalSection
	GlobalSection(ProjectConfigurationPlatforms) = postSolution
		{989C6331-35FE-4CBE-BBF6-3F2FC7C44248}.Debug|Any CPU.ActiveCfg = Debug|Any CPU
		{989C6331-35FE-4CBE-BBF6-3F2FC7C44248}.Debug|Any CPU.Build.0 = Debug|Any CPU
		{989C6331-35FE-4CBE-BBF6-3F2FC7C44248}.Release|Any CPU.ActiveCfg = Release|Any CPU
		{989C6331-35FE-4CBE-BBF6-3F2FC7C44248}.Release|Any CPU.Build.0 = Release|Any CPU
	EndGlobalSection
	GlobalSection(SolutionProperties) = preSolution
		HideSolutionNode = FALSE
	EndGlobalSection
	GlobalSection(ExtensibilityGlobals) = postSolution
		SolutionGuid = {DBD89685-6EE8-4C50-8857-809E5C25D4E5}
	EndGlobalSection
EndGlobal
