
Microsoft Visual Studio Solution File, Format Version 12.00
# Visual Studio Version 17
VisualStudioVersion = 17.8.34330.188
MinimumVisualStudioVersion = 10.0.40219.1
Project("{FAE04EC0-301F-11D3-BF4B-00C04F79EFBC}") = "HandsOnInterfaces", "HandsOnInterfaces.csproj", "{3189731A-2BCB-489E-872B-EE7A5263C914}"
EndProject
Global
	GlobalSection(SolutionConfigurationPlatforms) = preSolution
		Debug|Any CPU = Debug|Any CPU
		Release|Any CPU = Release|Any CPU
	EndGlobalSection
	GlobalSection(ProjectConfigurationPlatforms) = postSolution
		{3189731A-2BCB-489E-872B-EE7A5263C914}.Debug|Any CPU.ActiveCfg = Debug|Any CPU
		{3189731A-2BCB-489E-872B-EE7A5263C914}.Debug|Any CPU.Build.0 = Debug|Any CPU
		{3189731A-2BCB-489E-872B-EE7A5263C914}.Release|Any CPU.ActiveCfg = Release|Any CPU
		{3189731A-2BCB-489E-872B-EE7A5263C914}.Release|Any CPU.Build.0 = Release|Any CPU
	EndGlobalSection
	GlobalSection(SolutionProperties) = preSolution
		HideSolutionNode = FALSE
	EndGlobalSection
	GlobalSection(ExtensibilityGlobals) = postSolution
		SolutionGuid = {634FE4C4-7BA7-422C-AE49-A5BAF80BD0E8}
	EndGlobalSection
EndGlobal
